
Microsoft Visual Studio Solution File, Format Version 12.00
# Visual Studio 15
VisualStudioVersion = 15.0.27428.2027
MinimumVisualStudioVersion = 10.0.40219.1
Project("{FAE04EC0-301F-11D3-BF4B-00C04F79EFBC}") = "ABSA assessment", "ABSA assessment\ABSA assessment.csproj", "{7FD26C59-7F71-4227-9518-4FAD78A01A4E}"
EndProject
Project("{FAE04EC0-301F-11D3-BF4B-00C04F79EFBC}") = "ABSA assessmentTests", "ABSA assessmentTests\ABSA assessmentTests.csproj", "{C6A7D0DC-4619-4A88-BDC3-CB52CDCE10A6}"
EndProject
Global
	GlobalSection(SolutionConfigurationPlatforms) = preSolution
		Debug|Any CPU = Debug|Any CPU
		Release|Any CPU = Release|Any CPU
	EndGlobalSection
	GlobalSection(ProjectConfigurationPlatforms) = postSolution
		{7FD26C59-7F71-4227-9518-4FAD78A01A4E}.Debug|Any CPU.ActiveCfg = Debug|Any CPU
		{7FD26C59-7F71-4227-9518-4FAD78A01A4E}.Debug|Any CPU.Build.0 = Debug|Any CPU
		{7FD26C59-7F71-4227-9518-4FAD78A01A4E}.Release|Any CPU.ActiveCfg = Release|Any CPU
		{7FD26C59-7F71-4227-9518-4FAD78A01A4E}.Release|Any CPU.Build.0 = Release|Any CPU
		{C6A7D0DC-4619-4A88-BDC3-CB52CDCE10A6}.Debug|Any CPU.ActiveCfg = Debug|Any CPU
		{C6A7D0DC-4619-4A88-BDC3-CB52CDCE10A6}.Debug|Any CPU.Build.0 = Debug|Any CPU
		{C6A7D0DC-4619-4A88-BDC3-CB52CDCE10A6}.Release|Any CPU.ActiveCfg = Release|Any CPU
		{C6A7D0DC-4619-4A88-BDC3-CB52CDCE10A6}.Release|Any CPU.Build.0 = Release|Any CPU
	EndGlobalSection
	GlobalSection(SolutionProperties) = preSolution
		HideSolutionNode = FALSE
	EndGlobalSection
	GlobalSection(ExtensibilityGlobals) = postSolution
		SolutionGuid = {EB4CF82D-CBA0-47B1-82B4-609800A97627}
	EndGlobalSection
EndGlobal
